schema: '2.0'
stages:
  data_ingestion:
    cmd: python src/AIDrugDiscovery/pipeline/stage_01_data_ingestion.py
    deps:
    - path: config/config.yaml
      hash: md5
      md5: 235851c42147b3a250821c03c163b128
      size: 246
    - path: src/AIDrugDiscovery/components/data_ingestion.py
      hash: md5
      md5: fa8e9016ee57db754d6c27f1954dfc9b
      size: 3179
    - path: src/AIDrugDiscovery/pipeline/stage_01_data_ingestion.py
      hash: md5
      md5: 56128f3dd57679692be72c8a51a9c145
      size: 1095
    outs:
    - path: artifacts/data_ingestion/
      hash: md5
      md5: db6169d7d70e6ac498ed90e7942b0ec9.dir
      size: 772595913
      nfiles: 2
